
Microsoft Visual Studio Solution File, Format Version 12.00
# Visual Studio Version 17
VisualStudioVersion = 17.2.32630.192
MinimumVisualStudioVersion = 10.0.40219.1
Project("{9A19103F-16F7-4668-BE54-9A1E7A4F7556}") = "R5T.Z0066.Construction", "R5T.Z0066.Construction\R5T.Z0066.Construction.csproj", "{4AF7A656-DCA1-4B31-BCE1-C3FF61A3B3EA}"
EndProject
Project("{9A19103F-16F7-4668-BE54-9A1E7A4F7556}") = "R5T.Z0066", "R5T.Z0066\R5T.Z0066.csproj", "{4276E0E5-C51F-45AC-B306-EBF64925E808}"
EndProject
Project("{2150E333-8FDC-42A3-9474-1A3956D46DE8}") = "_Dependencies", "_Dependencies", "{406AD3D9-EF7C-4A85-A80E-5FC85FA48089}"
EndProject
Project("{9A19103F-16F7-4668-BE54-9A1E7A4F7556}") = "R5T.T0131", "..\..\R5T.T0131\source\R5T.T0131\R5T.T0131.csproj", "{023E3A7B-551A-4D5E-9957-0C1CB6EA8476}"
EndProject
Project("{9A19103F-16F7-4668-BE54-9A1E7A4F7556}") = "R5T.T0143", "..\..\R5T.T0143\source\R5T.T0143\R5T.T0143.csproj", "{465D89E0-3F14-445C-87F8-599F215901B8}"
EndProject
Global
	GlobalSection(NestedProjects) = preSolution
		{023E3A7B-551A-4D5E-9957-0C1CB6EA8476} = {406AD3D9-EF7C-4A85-A80E-5FC85FA48089}
		{465D89E0-3F14-445C-87F8-599F215901B8} = {406AD3D9-EF7C-4A85-A80E-5FC85FA48089}
	EndGlobalSection
	GlobalSection(SolutionConfigurationPlatforms) = preSolution
		Debug|Any CPU = Debug|Any CPU
		Release|Any CPU = Release|Any CPU
	EndGlobalSection
	GlobalSection(ProjectConfigurationPlatforms) = postSolution
		{4AF7A656-DCA1-4B31-BCE1-C3FF61A3B3EA}.Debug|Any CPU.ActiveCfg = Debug|Any CPU
		{4AF7A656-DCA1-4B31-BCE1-C3FF61A3B3EA}.Debug|Any CPU.Build.0 = Debug|Any CPU
		{4AF7A656-DCA1-4B31-BCE1-C3FF61A3B3EA}.Release|Any CPU.ActiveCfg = Release|Any CPU
		{4AF7A656-DCA1-4B31-BCE1-C3FF61A3B3EA}.Release|Any CPU.Build.0 = Release|Any CPU
		{4276E0E5-C51F-45AC-B306-EBF64925E808}.Debug|Any CPU.ActiveCfg = Debug|Any CPU
		{4276E0E5-C51F-45AC-B306-EBF64925E808}.Debug|Any CPU.Build.0 = Debug|Any CPU
		{4276E0E5-C51F-45AC-B306-EBF64925E808}.Release|Any CPU.ActiveCfg = Release|Any CPU
		{4276E0E5-C51F-45AC-B306-EBF64925E808}.Release|Any CPU.Build.0 = Release|Any CPU
		{023E3A7B-551A-4D5E-9957-0C1CB6EA8476}.Debug|Any CPU.ActiveCfg = Debug|Any CPU
		{023E3A7B-551A-4D5E-9957-0C1CB6EA8476}.Debug|Any CPU.Build.0 = Debug|Any CPU
		{023E3A7B-551A-4D5E-9957-0C1CB6EA8476}.Release|Any CPU.ActiveCfg = Release|Any CPU
		{023E3A7B-551A-4D5E-9957-0C1CB6EA8476}.Release|Any CPU.Build.0 = Release|Any CPU
		{465D89E0-3F14-445C-87F8-599F215901B8}.Debug|Any CPU.ActiveCfg = Debug|Any CPU
		{465D89E0-3F14-445C-87F8-599F215901B8}.Debug|Any CPU.Build.0 = Debug|Any CPU
		{465D89E0-3F14-445C-87F8-599F215901B8}.Release|Any CPU.ActiveCfg = Release|Any CPU
		{465D89E0-3F14-445C-87F8-599F215901B8}.Release|Any CPU.Build.0 = Release|Any CPU
	EndGlobalSection
	GlobalSection(SolutionProperties) = preSolution
		HideSolutionNode = FALSE
	EndGlobalSection
	GlobalSection(ExtensibilityGlobals) = postSolution
		SolutionGuid = {D8123B24-5FD2-4BB4-90B2-24E6694573C2}
	EndGlobalSection
EndGlobal
